
Microsoft Visual Studio Solution File, Format Version 11.00
# Visual Studio 2010
Project("{2150E333-8FDC-42A3-9474-1A3956D46DE8}") = "Client", "Client", "{BC26559C-0D43-4F71-9FCB-C091D0953C24}"
EndProject
Project("{2150E333-8FDC-42A3-9474-1A3956D46DE8}") = "Libraries", "Libraries", "{7F56D06F-D20A-4183-9606-EC893751D6E8}"
EndProject
Project("{FAE04EC0-301F-11D3-BF4B-00C04F79EFBC}") = "IQETools.UI", "IQETools.UI\IQETools.UI.csproj", "{EF3F5AD7-ECF1-4BD1-B70F-4FD13140F030}"
EndProject
Project("{FAE04EC0-301F-11D3-BF4B-00C04F79EFBC}") = "BusinessLayer", "IQETools.BusinessLayer\BusinessLayer.csproj", "{4A53C08D-5261-48A8-84E4-C4C75526D086}"
EndProject
Project("{FAE04EC0-301F-11D3-BF4B-00C04F79EFBC}") = "Common", "IQETools.Common\Common.csproj", "{58F04958-BDAB-4A55-8CF5-738699E0F094}"
EndProject
Project("{FAE04EC0-301F-11D3-BF4B-00C04F79EFBC}") = "DataLayer", "IQETools.DataLayer\DataLayer.csproj", "{5B7DBB28-6C1F-4105-9E7C-4AA5458065D8}"
EndProject
Project("{2150E333-8FDC-42A3-9474-1A3956D46DE8}") = "Setup", "Setup", "{DBDD96C1-36BE-41ED-9D31-D689F006954F}"
EndProject
Project("{54435603-DBB4-11D2-8724-00A0C9A8B90C}") = "IQETools", "IQETools\IQETools.vdproj", "{CC9BCB56-F6AA-4374-9D7E-06E31954BEDD}"
EndProject
Project("{FAE04EC0-301F-11D3-BF4B-00C04F79EFBC}") = "ConsoleApplication1", "ConsoleApplication1\ConsoleApplication1.csproj", "{0D3209F1-0582-4372-9348-567E9AD5CC74}"
EndProject
Global
	GlobalSection(SolutionConfigurationPlatforms) = preSolution
		Debug|Any CPU = Debug|Any CPU
		Debug|Mixed Platforms = Debug|Mixed Platforms
		Debug|x86 = Debug|x86
		Release|Any CPU = Release|Any CPU
		Release|Mixed Platforms = Release|Mixed Platforms
		Release|x86 = Release|x86
	EndGlobalSection
	GlobalSection(ProjectConfigurationPlatforms) = postSolution
		{EF3F5AD7-ECF1-4BD1-B70F-4FD13140F030}.Debug|Any CPU.ActiveCfg = Debug|x86
		{EF3F5AD7-ECF1-4BD1-B70F-4FD13140F030}.Debug|Mixed Platforms.ActiveCfg = Debug|x86
		{EF3F5AD7-ECF1-4BD1-B70F-4FD13140F030}.Debug|Mixed Platforms.Build.0 = Debug|x86
		{EF3F5AD7-ECF1-4BD1-B70F-4FD13140F030}.Debug|x86.ActiveCfg = Debug|x86
		{EF3F5AD7-ECF1-4BD1-B70F-4FD13140F030}.Debug|x86.Build.0 = Debug|x86
		{EF3F5AD7-ECF1-4BD1-B70F-4FD13140F030}.Release|Any CPU.ActiveCfg = Release|x86
		{EF3F5AD7-ECF1-4BD1-B70F-4FD13140F030}.Release|Mixed Platforms.ActiveCfg = Release|x86
		{EF3F5AD7-ECF1-4BD1-B70F-4FD13140F030}.Release|Mixed Platforms.Build.0 = Release|x86
		{EF3F5AD7-ECF1-4BD1-B70F-4FD13140F030}.Release|x86.ActiveCfg = Release|x86
		{EF3F5AD7-ECF1-4BD1-B70F-4FD13140F030}.Release|x86.Build.0 = Release|x86
		{4A53C08D-5261-48A8-84E4-C4C75526D086}.Debug|Any CPU.ActiveCfg = Debug|Any CPU
		{4A53C08D-5261-48A8-84E4-C4C75526D086}.Debug|Any CPU.Build.0 = Debug|Any CPU
		{4A53C08D-5261-48A8-84E4-C4C75526D086}.Debug|Mixed Platforms.ActiveCfg = Debug|Any CPU
		{4A53C08D-5261-48A8-84E4-C4C75526D086}.Debug|Mixed Platforms.Build.0 = Debug|Any CPU
		{4A53C08D-5261-48A8-84E4-C4C75526D086}.Debug|x86.ActiveCfg = Debug|Any CPU
		{4A53C08D-5261-48A8-84E4-C4C75526D086}.Release|Any CPU.ActiveCfg = Release|Any CPU
		{4A53C08D-5261-48A8-84E4-C4C75526D086}.Release|Any CPU.Build.0 = Release|Any CPU
		{4A53C08D-5261-48A8-84E4-C4C75526D086}.Release|Mixed Platforms.ActiveCfg = Release|Any CPU
		{4A53C08D-5261-48A8-84E4-C4C75526D086}.Release|Mixed Platforms.Build.0 = Release|Any CPU
		{4A53C08D-5261-48A8-84E4-C4C75526D086}.Release|x86.ActiveCfg = Release|Any CPU
		{58F04958-BDAB-4A55-8CF5-738699E0F094}.Debug|Any CPU.ActiveCfg = Debug|Any CPU
		{58F04958-BDAB-4A55-8CF5-738699E0F094}.Debug|Any CPU.Build.0 = Debug|Any CPU
		{58F04958-BDAB-4A55-8CF5-738699E0F094}.Debug|Mixed Platforms.ActiveCfg = Debug|Any CPU
		{58F04958-BDAB-4A55-8CF5-738699E0F094}.Debug|Mixed Platforms.Build.0 = Debug|Any CPU
		{58F04958-BDAB-4A55-8CF5-738699E0F094}.Debug|x86.ActiveCfg = Debug|Any CPU
		{58F04958-BDAB-4A55-8CF5-738699E0F094}.Release|Any CPU.ActiveCfg = Release|Any CPU
		{58F04958-BDAB-4A55-8CF5-738699E0F094}.Release|Any CPU.Build.0 = Release|Any CPU
		{58F04958-BDAB-4A55-8CF5-738699E0F094}.Release|Mixed Platforms.ActiveCfg = Release|Any CPU
		{58F04958-BDAB-4A55-8CF5-738699E0F094}.Release|Mixed Platforms.Build.0 = Release|Any CPU
		{58F04958-BDAB-4A55-8CF5-738699E0F094}.Release|x86.ActiveCfg = Release|Any CPU
		{5B7DBB28-6C1F-4105-9E7C-4AA5458065D8}.Debug|Any CPU.ActiveCfg = Debug|Any CPU
		{5B7DBB28-6C1F-4105-9E7C-4AA5458065D8}.Debug|Any CPU.Build.0 = Debug|Any CPU
		{5B7DBB28-6C1F-4105-9E7C-4AA5458065D8}.Debug|Mixed Platforms.ActiveCfg = Debug|Any CPU
		{5B7DBB28-6C1F-4105-9E7C-4AA5458065D8}.Debug|Mixed Platforms.Build.0 = Debug|Any CPU
		{5B7DBB28-6C1F-4105-9E7C-4AA5458065D8}.Debug|x86.ActiveCfg = Debug|Any CPU
		{5B7DBB28-6C1F-4105-9E7C-4AA5458065D8}.Release|Any CPU.ActiveCfg = Release|Any CPU
		{5B7DBB28-6C1F-4105-9E7C-4AA5458065D8}.Release|Any CPU.Build.0 = Release|Any CPU
		{5B7DBB28-6C1F-4105-9E7C-4AA5458065D8}.Release|Mixed Platforms.ActiveCfg = Release|Any CPU
		{5B7DBB28-6C1F-4105-9E7C-4AA5458065D8}.Release|Mixed Platforms.Build.0 = Release|Any CPU
		{5B7DBB28-6C1F-4105-9E7C-4AA5458065D8}.Release|x86.ActiveCfg = Release|Any CPU
		{CC9BCB56-F6AA-4374-9D7E-06E31954BEDD}.Debug|Any CPU.ActiveCfg = Debug
		{CC9BCB56-F6AA-4374-9D7E-06E31954BEDD}.Debug|Any CPU.Build.0 = Debug
		{CC9BCB56-F6AA-4374-9D7E-06E31954BEDD}.Debug|Mixed Platforms.ActiveCfg = Debug
		{CC9BCB56-F6AA-4374-9D7E-06E31954BEDD}.Debug|Mixed Platforms.Build.0 = Debug
		{CC9BCB56-F6AA-4374-9D7E-06E31954BEDD}.Debug|x86.ActiveCfg = Debug
		{CC9BCB56-F6AA-4374-9D7E-06E31954BEDD}.Debug|x86.Build.0 = Debug
		{CC9BCB56-F6AA-4374-9D7E-06E31954BEDD}.Release|Any CPU.ActiveCfg = Release
		{CC9BCB56-F6AA-4374-9D7E-06E31954BEDD}.Release|Any CPU.Build.0 = Release
		{CC9BCB56-F6AA-4374-9D7E-06E31954BEDD}.Release|Mixed Platforms.ActiveCfg = Release
		{CC9BCB56-F6AA-4374-9D7E-06E31954BEDD}.Release|Mixed Platforms.Build.0 = Release
		{CC9BCB56-F6AA-4374-9D7E-06E31954BEDD}.Release|x86.ActiveCfg = Release
		{CC9BCB56-F6AA-4374-9D7E-06E31954BEDD}.Release|x86.Build.0 = Release
		{0D3209F1-0582-4372-9348-567E9AD5CC74}.Debug|Any CPU.ActiveCfg = Debug|x86
		{0D3209F1-0582-4372-9348-567E9AD5CC74}.Debug|Mixed Platforms.ActiveCfg = Debug|x86
		{0D3209F1-0582-4372-9348-567E9AD5CC74}.Debug|Mixed Platforms.Build.0 = Debug|x86
		{0D3209F1-0582-4372-9348-567E9AD5CC74}.Debug|x86.ActiveCfg = Debug|x86
		{0D3209F1-0582-4372-9348-567E9AD5CC74}.Debug|x86.Build.0 = Debug|x86
		{0D3209F1-0582-4372-9348-567E9AD5CC74}.Release|Any CPU.ActiveCfg = Release|x86
		{0D3209F1-0582-4372-9348-567E9AD5CC74}.Release|Mixed Platforms.ActiveCfg = Release|x86
		{0D3209F1-0582-4372-9348-567E9AD5CC74}.Release|Mixed Platforms.Build.0 = Release|x86
		{0D3209F1-0582-4372-9348-567E9AD5CC74}.Release|x86.ActiveCfg = Release|x86
		{0D3209F1-0582-4372-9348-567E9AD5CC74}.Release|x86.Build.0 = Release|x86
	EndGlobalSection
	GlobalSection(SolutionProperties) = preSolution
		HideSolutionNode = FALSE
	EndGlobalSection
	GlobalSection(NestedProjects) = preSolution
		{EF3F5AD7-ECF1-4BD1-B70F-4FD13140F030} = {BC26559C-0D43-4F71-9FCB-C091D0953C24}
		{0D3209F1-0582-4372-9348-567E9AD5CC74} = {BC26559C-0D43-4F71-9FCB-C091D0953C24}
		{4A53C08D-5261-48A8-84E4-C4C75526D086} = {7F56D06F-D20A-4183-9606-EC893751D6E8}
		{58F04958-BDAB-4A55-8CF5-738699E0F094} = {7F56D06F-D20A-4183-9606-EC893751D6E8}
		{5B7DBB28-6C1F-4105-9E7C-4AA5458065D8} = {7F56D06F-D20A-4183-9606-EC893751D6E8}
		{CC9BCB56-F6AA-4374-9D7E-06E31954BEDD} = {DBDD96C1-36BE-41ED-9D31-D689F006954F}
	EndGlobalSection
EndGlobal
